// !$*UTF8*$!
{
	archiveVersion = 1;
	classes = {
	};
	objectVersion = 46;
	objects = {

/* Begin PBXBuildFile section */
		1D60589F0D05DD5A006BFB54 /* Foundation.framework in Frameworks */ = {isa = PBXBuildFile; fileRef = 1D30AB110D05D00D00671497 /* Foundation.framework */; };
		1DF5F4E00D08C38300B7A737 /* UIKit.framework in Frameworks */ = {isa = PBXBuildFile; fileRef = 1DF5F4DF0D08C38300B7A737 /* UIKit.framework */; };
		28FD15000DC6FC520079059D /* OpenGLES.framework in Frameworks */ = {isa = PBXBuildFile; fileRef = 28FD14FF0DC6FC520079059D /* OpenGLES.framework */; };
		28FD15080DC6FC5B0079059D /* QuartzCore.framework in Frameworks */ = {isa = PBXBuildFile; fileRef = 28FD15070DC6FC5B0079059D /* QuartzCore.framework */; };
		945C4F53195AF17F00DBBF61 /* Default-568h@2x.png in Resources */ = {isa = PBXBuildFile; fileRef = 945C4F52195AF17F00DBBF61 /* Default-568h@2x.png */; };
		F4079F0E1E393F6200F41B51 /* sample.frag in Resources */ = {isa = PBXBuildFile; fileRef = F4079F0C1E393F6200F41B51 /* sample.frag */; };
		F4079F0F1E393F6200F41B51 /* sample.vert in Resources */ = {isa = PBXBuildFile; fileRef = F4079F0D1E393F6200F41B51 /* sample.vert */; };
		F4079F161E3A327500F41B51 /* libSDL2.a in Frameworks */ = {isa = PBXBuildFile; fileRef = F4079F121E3A31DD00F41B51 /* libSDL2.a */; };
		F4079F331E3A32B700F41B51 /* application.cpp in Sources */ = {isa = PBXBuildFile; fileRef = F4079F171E3A32B700F41B51 /* application.cpp */; };
		F4079F341E3A32B700F41B51 /* class.cpp in Sources */ = {isa = PBXBuildFile; fileRef = F4079F191E3A32B700F41B51 /* class.cpp */; };
		F4079F351E3A32B700F41B51 /* file.cpp in Sources */ = {isa = PBXBuildFile; fileRef = F4079F1B1E3A32B700F41B51 /* file.cpp */; };
		F4079F361E3A32B700F41B51 /* graphics_buffer.cpp in Sources */ = {isa = PBXBuildFile; fileRef = F4079F1D1E3A32B700F41B51 /* graphics_buffer.cpp */; };
		F4079F371E3A32B700F41B51 /* graphics_device.cpp in Sources */ = {isa = PBXBuildFile; fileRef = F4079F1F1E3A32B700F41B51 /* graphics_device.cpp */; };
		F4079F381E3A32B700F41B51 /* graphics_resource.cpp in Sources */ = {isa = PBXBuildFile; fileRef = F4079F211E3A32B700F41B51 /* graphics_resource.cpp */; };
		F4079F391E3A32B700F41B51 /* range.cpp in Sources */ = {isa = PBXBuildFile; fileRef = F4079F231E3A32B700F41B51 /* range.cpp */; };
		F4079F3A1E3A32B700F41B51 /* scene_controller.cpp in Sources */ = {isa = PBXBuildFile; fileRef = F4079F251E3A32B700F41B51 /* scene_controller.cpp */; };
		F4079F3B1E3A32B700F41B51 /* scene_renderer.cpp in Sources */ = {isa = PBXBuildFile; fileRef = F4079F271E3A32B700F41B51 /* scene_renderer.cpp */; };
		F4079F3C1E3A32B700F41B51 /* scene.cpp in Sources */ = {isa = PBXBuildFile; fileRef = F4079F291E3A32B700F41B51 /* scene.cpp */; };
		F4079F3D1E3A32B800F41B51 /* shader_program.cpp in Sources */ = {isa = PBXBuildFile; fileRef = F4079F2B1E3A32B700F41B51 /* shader_program.cpp */; };
		F4079F3E1E3A32B800F41B51 /* uniform_buffer.cpp in Sources */ = {isa = PBXBuildFile; fileRef = F4079F2D1E3A32B700F41B51 /* uniform_buffer.cpp */; };
		F4079F3F1E3A32B800F41B51 /* vertex_buffer.cpp in Sources */ = {isa = PBXBuildFile; fileRef = F4079F2F1E3A32B700F41B51 /* vertex_buffer.cpp */; };
		F4079F401E3A32B800F41B51 /* vertex_source.cpp in Sources */ = {isa = PBXBuildFile; fileRef = F4079F311E3A32B700F41B51 /* vertex_source.cpp */; };
		F468D3891E3358780097DAE1 /* AVFoundation.framework in Frameworks */ = {isa = PBXBuildFile; fileRef = F468D3881E3358780097DAE1 /* AVFoundation.framework */; };
		F468D3A01E335FCA0097DAE1 /* main.cpp in Sources */ = {isa = PBXBuildFile; fileRef = F468D3941E335FCA0097DAE1 /* main.cpp */; };
		FA8B4B97196703B400F8EB7C /* CoreMotion.framework in Frameworks */ = {isa = PBXBuildFile; fileRef = FA8B4B96196703B400F8EB7C /* CoreMotion.framework */; };
		FAE0E9651BAF967F0098DFA4 /* GameController.framework in Frameworks */ = {isa = PBXBuildFile; fileRef = FAE0E9641BAF967F0098DFA4 /* GameController.framework */; };
		FD779EDE0E26BA1200F39101 /* CoreAudio.framework in Frameworks */ = {isa = PBXBuildFile; fileRef = FD779EDD0E26BA1200F39101 /* CoreAudio.framework */; };
		FD77A07D0E26BD8C00F39101 /* Icon.png in Resources */ = {isa = PBXBuildFile; fileRef = FD77A07C0E26BD8C00F39101 /* Icon.png */; };
		FD77A07F0E26BDA900F39101 /* Default.png in Resources */ = {isa = PBXBuildFile; fileRef = FD77A07E0E26BDA900F39101 /* Default.png */; };
		FD77A0850E26BDB800F39101 /* AudioToolbox.framework in Frameworks */ = {isa = PBXBuildFile; fileRef = FD77A0840E26BDB800F39101 /* AudioToolbox.framework */; };
		FDB8BFC60E5A0F6A00980157 /* CoreGraphics.framework in Frameworks */ = {isa = PBXBuildFile; fileRef = FDB8BFC50E5A0F6A00980157 /* CoreGraphics.framework */; };
/* End PBXBuildFile section */

/* Begin PBXFileReference section */
		1D30AB110D05D00D00671497 /* Foundation.framework */ = {isa = PBXFileReference; lastKnownFileType = wrapper.framework; name = Foundation.framework; path = System/Library/Frameworks/Foundation.framework; sourceTree = SDKROOT; };
		1D6058910D05DD3D006BFB54 /* ___PROJECTNAME___.app */ = {isa = PBXFileReference; explicitFileType = wrapper.application; includeInIndex = 0; path = "___PROJECTNAME___.app"; sourceTree = BUILT_PRODUCTS_DIR; };
		1DF5F4DF0D08C38300B7A737 /* UIKit.framework */ = {isa = PBXFileReference; lastKnownFileType = wrapper.framework; name = UIKit.framework; path = System/Library/Frameworks/UIKit.framework; sourceTree = SDKROOT; };
		28FD14FF0DC6FC520079059D /* OpenGLES.framework */ = {isa = PBXFileReference; lastKnownFileType = wrapper.framework; name = OpenGLES.framework; path = System/Library/Frameworks/OpenGLES.framework; sourceTree = SDKROOT; };
		28FD15070DC6FC5B0079059D /* QuartzCore.framework */ = {isa = PBXFileReference; lastKnownFileType = wrapper.framework; name = QuartzCore.framework; path = System/Library/Frameworks/QuartzCore.framework; sourceTree = SDKROOT; };
		8D1107310486CEB800E47090 /* Info.plist */ = {isa = PBXFileReference; fileEncoding = 4; lastKnownFileType = text.plist.xml; path = Info.plist; sourceTree = "<group>"; };
		945C4F52195AF17F00DBBF61 /* Default-568h@2x.png */ = {isa = PBXFileReference; lastKnownFileType = image.png; path = "Default-568h@2x.png"; sourceTree = "<group>"; };
		F4079F0C1E393F6200F41B51 /* sample.frag */ = {isa = PBXFileReference; fileEncoding = 4; lastKnownFileType = sourcecode.glsl; name = sample.frag; path = Resource/sample.frag; sourceTree = "<group>"; };
		F4079F0D1E393F6200F41B51 /* sample.vert */ = {isa = PBXFileReference; fileEncoding = 4; lastKnownFileType = sourcecode.glsl; name = sample.vert; path = Resource/sample.vert; sourceTree = "<group>"; };
		F4079F121E3A31DD00F41B51 /* libSDL2.a */ = {isa = PBXFileReference; lastKnownFileType = archive.ar; name = libSDL2.a; path = ../extern/SDL/lib/libSDL2.a; sourceTree = "<group>"; };
		F4079F141E3A320E00F41B51 /* libSDL2.a */ = {isa = PBXFileReference; lastKnownFileType = archive.ar; path = libSDL2.a; sourceTree = "<group>"; };
		F4079F171E3A32B700F41B51 /* application.cpp */ = {isa = PBXFileReference; fileEncoding = 4; lastKnownFileType = sourcecode.cpp.cpp; name = application.cpp; path = ../Engine/application.cpp; sourceTree = "<group>"; };
		F4079F181E3A32B700F41B51 /* application.hpp */ = {isa = PBXFileReference; fileEncoding = 4; lastKnownFileType = sourcecode.cpp.h; name = application.hpp; path = ../Engine/application.hpp; sourceTree = "<group>"; };
		F4079F191E3A32B700F41B51 /* class.cpp */ = {isa = PBXFileReference; fileEncoding = 4; lastKnownFileType = sourcecode.cpp.cpp; name = class.cpp; path = ../Engine/class.cpp; sourceTree = "<group>"; };
		F4079F1A1E3A32B700F41B51 /* class.hpp */ = {isa = PBXFileReference; fileEncoding = 4; lastKnownFileType = sourcecode.cpp.h; name = class.hpp; path = ../Engine/class.hpp; sourceTree = "<group>"; };
		F4079F1B1E3A32B700F41B51 /* file.cpp */ = {isa = PBXFileReference; fileEncoding = 4; lastKnownFileType = sourcecode.cpp.cpp; name = file.cpp; path = ../Engine/file.cpp; sourceTree = "<group>"; };
		F4079F1C1E3A32B700F41B51 /* file.hpp */ = {isa = PBXFileReference; fileEncoding = 4; lastKnownFileType = sourcecode.cpp.h; name = file.hpp; path = ../Engine/file.hpp; sourceTree = "<group>"; };
		F4079F1D1E3A32B700F41B51 /* graphics_buffer.cpp */ = {isa = PBXFileReference; fileEncoding = 4; lastKnownFileType = sourcecode.cpp.cpp; name = graphics_buffer.cpp; path = ../Engine/graphics_buffer.cpp; sourceTree = "<group>"; };
		F4079F1E1E3A32B700F41B51 /* graphics_buffer.hpp */ = {isa = PBXFileReference; fileEncoding = 4; lastKnownFileType = sourcecode.cpp.h; name = graphics_buffer.hpp; path = ../Engine/graphics_buffer.hpp; sourceTree = "<group>"; };
		F4079F1F1E3A32B700F41B51 /* graphics_device.cpp */ = {isa = PBXFileReference; fileEncoding = 4; lastKnownFileType = sourcecode.cpp.cpp; name = graphics_device.cpp; path = ../Engine/graphics_device.cpp; sourceTree = "<group>"; };
		F4079F201E3A32B700F41B51 /* graphics_device.hpp */ = {isa = PBXFileReference; fileEncoding = 4; lastKnownFileType = sourcecode.cpp.h; name = graphics_device.hpp; path = ../Engine/graphics_device.hpp; sourceTree = "<group>"; };
		F4079F211E3A32B700F41B51 /* graphics_resource.cpp */ = {isa = PBXFileReference; fileEncoding = 4; lastKnownFileType = sourcecode.cpp.cpp; name = graphics_resource.cpp; path = ../Engine/graphics_resource.cpp; sourceTree = "<group>"; };
		F4079F221E3A32B700F41B51 /* graphics_resource.hpp */ = {isa = PBXFileReference; fileEncoding = 4; lastKnownFileType = sourcecode.cpp.h; name = graphics_resource.hpp; path = ../Engine/graphics_resource.hpp; sourceTree = "<group>"; };
		F4079F231E3A32B700F41B51 /* range.cpp */ = {isa = PBXFileReference; fileEncoding = 4; lastKnownFileType = sourcecode.cpp.cpp; name = range.cpp; path = ../Engine/range.cpp; sourceTree = "<group>"; };
		F4079F241E3A32B700F41B51 /* range.hpp */ = {isa = PBXFileReference; fileEncoding = 4; lastKnownFileType = sourcecode.cpp.h; name = range.hpp; path = ../Engine/range.hpp; sourceTree = "<group>"; };
		F4079F251E3A32B700F41B51 /* scene_controller.cpp */ = {isa = PBXFileReference; fileEncoding = 4; lastKnownFileType = sourcecode.cpp.cpp; name = scene_controller.cpp; path = ../Engine/scene_controller.cpp; sourceTree = "<group>"; };
		F4079F261E3A32B700F41B51 /* scene_controller.hpp */ = {isa = PBXFileReference; fileEncoding = 4; lastKnownFileType = sourcecode.cpp.h; name = scene_controller.hpp; path = ../Engine/scene_controller.hpp; sourceTree = "<group>"; };
		F4079F271E3A32B700F41B51 /* scene_renderer.cpp */ = {isa = PBXFileReference; fileEncoding = 4; lastKnownFileType = sourcecode.cpp.cpp; name = scene_renderer.cpp; path = ../Engine/scene_renderer.cpp; sourceTree = "<group>"; };
		F4079F281E3A32B700F41B51 /* scene_renderer.hpp */ = {isa = PBXFileReference; fileEncoding = 4; lastKnownFileType = sourcecode.cpp.h; name = scene_renderer.hpp; path = ../Engine/scene_renderer.hpp; sourceTree = "<group>"; };
		F4079F291E3A32B700F41B51 /* scene.cpp */ = {isa = PBXFileReference; fileEncoding = 4; lastKnownFileType = sourcecode.cpp.cpp; name = scene.cpp; path = ../Engine/scene.cpp; sourceTree = "<group>"; };
		F4079F2A1E3A32B700F41B51 /* scene.hpp */ = {isa = PBXFileReference; fileEncoding = 4; lastKnownFileType = sourcecode.cpp.h; name = scene.hpp; path = ../Engine/scene.hpp; sourceTree = "<group>"; };
		F4079F2B1E3A32B700F41B51 /* shader_program.cpp */ = {isa = PBXFileReference; fileEncoding = 4; lastKnownFileType = sourcecode.cpp.cpp; name = shader_program.cpp; path = ../Engine/shader_program.cpp; sourceTree = "<group>"; };
		F4079F2C1E3A32B700F41B51 /* shader_program.hpp */ = {isa = PBXFileReference; fileEncoding = 4; lastKnownFileType = sourcecode.cpp.h; name = shader_program.hpp; path = ../Engine/shader_program.hpp; sourceTree = "<group>"; };
		F4079F2D1E3A32B700F41B51 /* uniform_buffer.cpp */ = {isa = PBXFileReference; fileEncoding = 4; lastKnownFileType = sourcecode.cpp.cpp; name = uniform_buffer.cpp; path = ../Engine/uniform_buffer.cpp; sourceTree = "<group>"; };
		F4079F2E1E3A32B700F41B51 /* uniform_buffer.hpp */ = {isa = PBXFileReference; fileEncoding = 4; lastKnownFileType = sourcecode.cpp.h; name = uniform_buffer.hpp; path = ../Engine/uniform_buffer.hpp; sourceTree = "<group>"; };
		F4079F2F1E3A32B700F41B51 /* vertex_buffer.cpp */ = {isa = PBXFileReference; fileEncoding = 4; lastKnownFileType = sourcecode.cpp.cpp; name = vertex_buffer.cpp; path = ../Engine/vertex_buffer.cpp; sourceTree = "<group>"; };
		F4079F301E3A32B700F41B51 /* vertex_buffer.hpp */ = {isa = PBXFileReference; fileEncoding = 4; lastKnownFileType = sourcecode.cpp.h; name = vertex_buffer.hpp; path = ../Engine/vertex_buffer.hpp; sourceTree = "<group>"; };
		F4079F311E3A32B700F41B51 /* vertex_source.cpp */ = {isa = PBXFileReference; fileEncoding = 4; lastKnownFileType = sourcecode.cpp.cpp; name = vertex_source.cpp; path = ../Engine/vertex_source.cpp; sourceTree = "<group>"; };
		F4079F321E3A32B700F41B51 /* vertex_source.hpp */ = {isa = PBXFileReference; fileEncoding = 4; lastKnownFileType = sourcecode.cpp.h; name = vertex_source.hpp; path = ../Engine/vertex_source.hpp; sourceTree = "<group>"; };
		F468D3861E3357EC0097DAE1 /* libSDL2.a */ = {isa = PBXFileReference; lastKnownFileType = archive.ar; name = libSDL2.a; path = SDL/lib/libSDL2.a; sourceTree = "<group>"; };
		F468D3881E3358780097DAE1 /* AVFoundation.framework */ = {isa = PBXFileReference; lastKnownFileType = wrapper.framework; name = AVFoundation.framework; path = System/Library/Frameworks/AVFoundation.framework; sourceTree = SDKROOT; };
		F468D3941E335FCA0097DAE1 /* main.cpp */ = {isa = PBXFileReference; fileEncoding = 4; lastKnownFileType = sourcecode.cpp.cpp; name = main.cpp; path = src/main.cpp; sourceTree = "<group>"; };
		FA8B4B96196703B400F8EB7C /* CoreMotion.framework */ = {isa = PBXFileReference; lastKnownFileType = wrapper.framework; name = CoreMotion.framework; path = System/Library/Frameworks/CoreMotion.framework; sourceTree = SDKROOT; };
		FAE0E9641BAF967F0098DFA4 /* GameController.framework */ = {isa = PBXFileReference; lastKnownFileType = wrapper.framework; name = GameController.framework; path = System/Library/Frameworks/GameController.framework; sourceTree = SDKROOT; };
		FD779EDD0E26BA1200F39101 /* CoreAudio.framework */ = {isa = PBXFileReference; lastKnownFileType = wrapper.framework; name = CoreAudio.framework; path = System/Library/Frameworks/CoreAudio.framework; sourceTree = SDKROOT; };
		FD77A07C0E26BD8C00F39101 /* Icon.png */ = {isa = PBXFileReference; lastKnownFileType = image.png; path = Icon.png; sourceTree = "<group>"; };
		FD77A07E0E26BDA900F39101 /* Default.png */ = {isa = PBXFileReference; lastKnownFileType = image.png; path = Default.png; sourceTree = "<group>"; };
		FD77A0840E26BDB800F39101 /* AudioToolbox.framework */ = {isa = PBXFileReference; lastKnownFileType = wrapper.framework; name = AudioToolbox.framework; path = System/Library/Frameworks/AudioToolbox.framework; sourceTree = SDKROOT; };
		FDB8BFC50E5A0F6A00980157 /* CoreGraphics.framework */ = {isa = PBXFileReference; lastKnownFileType = wrapper.framework; name = CoreGraphics.framework; path = System/Library/Frameworks/CoreGraphics.framework; sourceTree = SDKROOT; };
/* End PBXFileReference section */

/* Begin PBXFrameworksBuildPhase section */
		1D60588F0D05DD3D006BFB54 /* Frameworks */ = {
			isa = PBXFrameworksBuildPhase;
			buildActionMask = 2147483647;
			files = (
				F4079F161E3A327500F41B51 /* libSDL2.a in Frameworks */,
				F468D3891E3358780097DAE1 /* AVFoundation.framework in Frameworks */,
				FAE0E9651BAF967F0098DFA4 /* GameController.framework in Frameworks */,
				1D60589F0D05DD5A006BFB54 /* Foundation.framework in Frameworks */,
				1DF5F4E00D08C38300B7A737 /* UIKit.framework in Frameworks */,
				28FD15000DC6FC520079059D /* OpenGLES.framework in Frameworks */,
				28FD15080DC6FC5B0079059D /* QuartzCore.framework in Frameworks */,
				FD779EDE0E26BA1200F39101 /* CoreAudio.framework in Frameworks */,
				FD77A0850E26BDB800F39101 /* AudioToolbox.framework in Frameworks */,
				FDB8BFC60E5A0F6A00980157 /* CoreGraphics.framework in Frameworks */,
				FA8B4B97196703B400F8EB7C /* CoreMotion.framework in Frameworks */,
			);
			runOnlyForDeploymentPostprocessing = 0;
		};
/* End PBXFrameworksBuildPhase section */

/* Begin PBXGroup section */
		19C28FACFE9D520D11CA2CBB /* Products */ = {
			isa = PBXGroup;
			children = (
				1D6058910D05DD3D006BFB54 /* ___PROJECTNAME___.app */,
			);
			name = Products;
			sourceTree = "<group>";
		};
		29B97314FDCFA39411CA2CEA /* CustomTemplate */ = {
			isa = PBXGroup;
			children = (
				945C4F52195AF17F00DBBF61 /* Default-568h@2x.png */,
				29B97315FDCFA39411CA2CEA /* Sources */,
				29B97317FDCFA39411CA2CEA /* Resources */,
				29B97323FDCFA39411CA2CEA /* Frameworks */,
				19C28FACFE9D520D11CA2CBB /* Products */,
			);
			name = CustomTemplate;
			sourceTree = "<group>";
		};
		29B97315FDCFA39411CA2CEA /* Sources */ = {
			isa = PBXGroup;
			children = (
				F468D3A41E33613B0097DAE1 /* Engine */,
				F468D3941E335FCA0097DAE1 /* main.cpp */,
			);
			name = Sources;
			sourceTree = "<group>";
		};
		29B97317FDCFA39411CA2CEA /* Resources */ = {
			isa = PBXGroup;
			children = (
				F4079F111E3A134900F41B51 /* Shaders */,
				FD77A07E0E26BDA900F39101 /* Default.png */,
				FD77A07C0E26BD8C00F39101 /* Icon.png */,
				8D1107310486CEB800E47090 /* Info.plist */,
			);
			name = Resources;
			sourceTree = "<group>";
		};
		29B97323FDCFA39411CA2CEA /* Frameworks */ = {
			isa = PBXGroup;
			children = (
				F4079F141E3A320E00F41B51 /* libSDL2.a */,
				F4079F121E3A31DD00F41B51 /* libSDL2.a */,
				F468D3881E3358780097DAE1 /* AVFoundation.framework */,
				F468D3861E3357EC0097DAE1 /* libSDL2.a */,
				FAE0E9641BAF967F0098DFA4 /* GameController.framework */,
				FA8B4B96196703B400F8EB7C /* CoreMotion.framework */,
				FDB8BFC50E5A0F6A00980157 /* CoreGraphics.framework */,
				FD77A0840E26BDB800F39101 /* AudioToolbox.framework */,
				FD779EDD0E26BA1200F39101 /* CoreAudio.framework */,
				28FD15070DC6FC5B0079059D /* QuartzCore.framework */,
				28FD14FF0DC6FC520079059D /* OpenGLES.framework */,
				1DF5F4DF0D08C38300B7A737 /* UIKit.framework */,
				1D30AB110D05D00D00671497 /* Foundation.framework */,
			);
			name = Frameworks;
			sourceTree = "<group>";
		};
		F4079F111E3A134900F41B51 /* Shaders */ = {
			isa = PBXGroup;
			children = (
				F4079F0C1E393F6200F41B51 /* sample.frag */,
				F4079F0D1E393F6200F41B51 /* sample.vert */,
			);
			name = Shaders;
			sourceTree = "<group>";
		};
		F468D3A41E33613B0097DAE1 /* Engine */ = {
			isa = PBXGroup;
			children = (
				F4079F171E3A32B700F41B51 /* application.cpp */,
				F4079F181E3A32B700F41B51 /* application.hpp */,
				F4079F191E3A32B700F41B51 /* class.cpp */,
				F4079F1A1E3A32B700F41B51 /* class.hpp */,
				F4079F1B1E3A32B700F41B51 /* file.cpp */,
				F4079F1C1E3A32B700F41B51 /* file.hpp */,
				F4079F1D1E3A32B700F41B51 /* graphics_buffer.cpp */,
				F4079F1E1E3A32B700F41B51 /* graphics_buffer.hpp */,
				F4079F1F1E3A32B700F41B51 /* graphics_device.cpp */,
				F4079F201E3A32B700F41B51 /* graphics_device.hpp */,
				F4079F211E3A32B700F41B51 /* graphics_resource.cpp */,
				F4079F221E3A32B700F41B51 /* graphics_resource.hpp */,
				F4079F231E3A32B700F41B51 /* range.cpp */,
				F4079F241E3A32B700F41B51 /* range.hpp */,
				F4079F251E3A32B700F41B51 /* scene_controller.cpp */,
				F4079F261E3A32B700F41B51 /* scene_controller.hpp */,
				F4079F271E3A32B700F41B51 /* scene_renderer.cpp */,
				F4079F281E3A32B700F41B51 /* scene_renderer.hpp */,
				F4079F291E3A32B700F41B51 /* scene.cpp */,
				F4079F2A1E3A32B700F41B51 /* scene.hpp */,
				F4079F2B1E3A32B700F41B51 /* shader_program.cpp */,
				F4079F2C1E3A32B700F41B51 /* shader_program.hpp */,
				F4079F2D1E3A32B700F41B51 /* uniform_buffer.cpp */,
				F4079F2E1E3A32B700F41B51 /* uniform_buffer.hpp */,
				F4079F2F1E3A32B700F41B51 /* vertex_buffer.cpp */,
				F4079F301E3A32B700F41B51 /* vertex_buffer.hpp */,
				F4079F311E3A32B700F41B51 /* vertex_source.cpp */,
				F4079F321E3A32B700F41B51 /* vertex_source.hpp */,
			);
			name = Engine;
			sourceTree = "<group>";
		};
/* End PBXGroup section */

/* Begin PBXNativeTarget section */
		1D6058900D05DD3D006BFB54 /* ___PROJECTNAME___ */ = {
			isa = PBXNativeTarget;
			buildConfigurationList = 1D6058960D05DD3E006BFB54 /* Build configuration list for PBXNativeTarget "___PROJECTNAME___" */;
			buildPhases = (
				1D60588D0D05DD3D006BFB54 /* Resources */,
				1D60588E0D05DD3D006BFB54 /* Sources */,
				1D60588F0D05DD3D006BFB54 /* Frameworks */,
			);
			buildRules = (
			);
			dependencies = (
			);
			name = "___PROJECTNAME___";
			productName = "___PROJECTNAME___";
			productReference = 1D6058910D05DD3D006BFB54 /* ___PROJECTNAME___.app */;
			productType = "com.apple.product-type.application";
		};
/* End PBXNativeTarget section */

/* Begin PBXProject section */
		29B97313FDCFA39411CA2CEA /* Project object */ = {
			isa = PBXProject;
			attributes = {
				LastUpgradeCheck = 0510;
			};
			buildConfigurationList = C01FCF4E08A954540054247B /* Build configuration list for PBXProject "___PROJECTNAME___" */;
			compatibilityVersion = "Xcode 3.2";
			developmentRegion = English;
			hasScannedForEncodings = 1;
			knownRegions = (
				English,
				Japanese,
				French,
				German,
			);
			mainGroup = 29B97314FDCFA39411CA2CEA /* CustomTemplate */;
			projectDirPath = "";
			projectRoot = "";
			targets = (
				1D6058900D05DD3D006BFB54 /* ___PROJECTNAME___ */,
			);
		};
/* End PBXProject section */

/* Begin PBXResourcesBuildPhase section */
		1D60588D0D05DD3D006BFB54 /* Resources */ = {
			isa = PBXResourcesBuildPhase;
			buildActionMask = 2147483647;
			files = (
				FD77A07D0E26BD8C00F39101 /* Icon.png in Resources */,
				FD77A07F0E26BDA900F39101 /* Default.png in Resources */,
				945C4F53195AF17F00DBBF61 /* Default-568h@2x.png in Resources */,
				F4079F0F1E393F6200F41B51 /* sample.vert in Resources */,
				F4079F0E1E393F6200F41B51 /* sample.frag in Resources */,
			);
			runOnlyForDeploymentPostprocessing = 0;
		};
/* End PBXResourcesBuildPhase section */

/* Begin PBXSourcesBuildPhase section */
		1D60588E0D05DD3D006BFB54 /* Sources */ = {
			isa = PBXSourcesBuildPhase;
			buildActionMask = 2147483647;
			files = (
				F4079F371E3A32B700F41B51 /* graphics_device.cpp in Sources */,
				F4079F3F1E3A32B800F41B51 /* vertex_buffer.cpp in Sources */,
				F4079F3D1E3A32B800F41B51 /* shader_program.cpp in Sources */,
				F4079F351E3A32B700F41B51 /* file.cpp in Sources */,
				F4079F3B1E3A32B700F41B51 /* scene_renderer.cpp in Sources */,
				F4079F401E3A32B800F41B51 /* vertex_source.cpp in Sources */,
				F4079F341E3A32B700F41B51 /* class.cpp in Sources */,
				F4079F3A1E3A32B700F41B51 /* scene_controller.cpp in Sources */,
				F468D3A01E335FCA0097DAE1 /* main.cpp in Sources */,
				F4079F331E3A32B700F41B51 /* application.cpp in Sources */,
				F4079F391E3A32B700F41B51 /* range.cpp in Sources */,
				F4079F3C1E3A32B700F41B51 /* scene.cpp in Sources */,
				F4079F361E3A32B700F41B51 /* graphics_buffer.cpp in Sources */,
				F4079F3E1E3A32B800F41B51 /* uniform_buffer.cpp in Sources */,
				F4079F381E3A32B700F41B51 /* graphics_resource.cpp in Sources */,
			);
			runOnlyForDeploymentPostprocessing = 0;
		};
/* End PBXSourcesBuildPhase section */

/* Begin XCBuildConfiguration section */
		1D6058940D05DD3E006BFB54 /* Debug */ = {
			isa = XCBuildConfiguration;
			buildSettings = {
				ALWAYS_SEARCH_USER_PATHS = NO;
				CLANG_CXX_LANGUAGE_STANDARD = "c++14";
				COPY_PHASE_STRIP = NO;
				GCC_DYNAMIC_NO_PIC = NO;
				GCC_OPTIMIZATION_LEVEL = 0;
				GCC_PRECOMPILE_PREFIX_HEADER = YES;
				GCC_PREFIX_HEADER = "";
				HEADER_SEARCH_PATHS = (
					"../extern/SDL/include/**",
					"../extern/glm/include/**",
				);
				INFOPLIST_FILE = Info.plist;
				LIBRARY_SEARCH_PATHS = (
					"$(inherited)",
					"$(PROJECT_DIR)/../extern/SDL/lib",
					"$(PROJECT_DIR)",
				);
				PRODUCT_NAME = "___PROJECTNAME___";
				USER_HEADER_SEARCH_PATHS = "";
			};
			name = Debug;
		};
		1D6058950D05DD3E006BFB54 /* Release */ = {
			isa = XCBuildConfiguration;
			buildSettings = {
				ALWAYS_SEARCH_USER_PATHS = NO;
				CLANG_CXX_LANGUAGE_STANDARD = "c++14";
				COPY_PHASE_STRIP = YES;
				GCC_PRECOMPILE_PREFIX_HEADER = YES;
				GCC_PREFIX_HEADER = "";
				HEADER_SEARCH_PATHS = (
					"../extern/SDL/include/**",
					"../extern/glm/include/**",
				);
				INFOPLIST_FILE = Info.plist;
				LIBRARY_SEARCH_PATHS = (
					"$(inherited)",
					"$(PROJECT_DIR)/../extern/SDL/lib",
					"$(PROJECT_DIR)",
				);
				PRODUCT_NAME = "___PROJECTNAME___";
				USER_HEADER_SEARCH_PATHS = "";
			};
			name = Release;
		};
		C01FCF4F08A954540054247B /* Debug */ = {
			isa = XCBuildConfiguration;
			buildSettings = {
				"CODE_SIGN_IDENTITY[sdk=iphoneos*]" = "iPhone Developer";
				GCC_C_LANGUAGE_STANDARD = c99;
				GCC_WARN_ABOUT_RETURN_TYPE = YES;
				GCC_WARN_UNUSED_VARIABLE = YES;
				ONLY_ACTIVE_ARCH = YES;
				OTHER_CFLAGS = "";
				PREBINDING = NO;
				SDKROOT = iphoneos;
			};
			name = Debug;
		};
		C01FCF5008A954540054247B /* Release */ = {
			isa = XCBuildConfiguration;
			buildSettings = {
				"CODE_SIGN_IDENTITY[sdk=iphoneos*]" = "iPhone Developer";
				GCC_C_LANGUAGE_STANDARD = c99;
				GCC_WARN_ABOUT_RETURN_TYPE = YES;
				GCC_WARN_UNUSED_VARIABLE = YES;
				OTHER_CFLAGS = "";
				PREBINDING = NO;
				SDKROOT = iphoneos;
			};
			name = Release;
		};
/* End XCBuildConfiguration section */

/* Begin XCConfigurationList section */
		1D6058960D05DD3E006BFB54 /* Build configuration list for PBXNativeTarget "___PROJECTNAME___" */ = {
			isa = XCConfigurationList;
			buildConfigurations = (
				1D6058940D05DD3E006BFB54 /* Debug */,
				1D6058950D05DD3E006BFB54 /* Release */,
			);
			defaultConfigurationIsVisible = 0;
			defaultConfigurationName = Release;
		};
		C01FCF4E08A954540054247B /* Build configuration list for PBXProject "___PROJECTNAME___" */ = {
			isa = XCConfigurationList;
			buildConfigurations = (
				C01FCF4F08A954540054247B /* Debug */,
				C01FCF5008A954540054247B /* Release */,
			);
			defaultConfigurationIsVisible = 0;
			defaultConfigurationName = Release;
		};
/* End XCConfigurationList section */
	};
	rootObject = 29B97313FDCFA39411CA2CEA /* Project object */;
}
